// !$*UTF8*$!
{
	archiveVersion = 1;
	classes = {
	};
	objectVersion = 46;
	objects = {

/* Begin PBXBuildFile section */
		BE2D29BE1C75A85F000702EC /* EvenizeViewController.swift in Sources */ = {isa = PBXBuildFile; fileRef = BE2D29BD1C75A85E000702EC /* EvenizeViewController.swift */; };
		BE2D29C01C75EA64000702EC /* restaurant.jpg in Resources */ = {isa = PBXBuildFile; fileRef = BE2D29BF1C75EA64000702EC /* restaurant.jpg */; };
		BE7FFDAA1C6FB98500F5CD34 /* AppDelegate.swift in Sources */ = {isa = PBXBuildFile; fileRef = BE7FFDA91C6FB98500F5CD34 /* AppDelegate.swift */; };
		BE7FFDAC1C6FB98500F5CD34 /* ViewController.swift in Sources */ = {isa = PBXBuildFile; fileRef = BE7FFDAB1C6FB98500F5CD34 /* ViewController.swift */; };
		BE7FFDAF1C6FB98500F5CD34 /* Main.storyboard in Resources */ = {isa = PBXBuildFile; fileRef = BE7FFDAD1C6FB98500F5CD34 /* Main.storyboard */; };
		BE7FFDB11C6FB98500F5CD34 /* Assets.xcassets in Resources */ = {isa = PBXBuildFile; fileRef = BE7FFDB01C6FB98500F5CD34 /* Assets.xcassets */; };
		BE7FFDB41C6FB98500F5CD34 /* LaunchScreen.storyboard in Resources */ = {isa = PBXBuildFile; fileRef = BE7FFDB21C6FB98500F5CD34 /* LaunchScreen.storyboard */; };
		BE7FFDBC1C6FB9A200F5CD34 /* WelcomeViewController.swift in Sources */ = {isa = PBXBuildFile; fileRef = BE7FFDBB1C6FB9A200F5CD34 /* WelcomeViewController.swift */; };
/* End PBXBuildFile section */

/* Begin PBXFileReference section */
		BE2D29BD1C75A85E000702EC /* EvenizeViewController.swift */ = {isa = PBXFileReference; fileEncoding = 4; lastKnownFileType = sourcecode.swift; name = EvenizeViewController.swift; path = ../EvenizeViewController.swift; sourceTree = "<group>"; };
		BE2D29BF1C75EA64000702EC /* restaurant.jpg */ = {isa = PBXFileReference; lastKnownFileType = image.jpeg; name = restaurant.jpg; path = ../../../../../Downloads/restaurant.jpg; sourceTree = "<group>"; };
		BE7FFDA61C6FB98500F5CD34 /* TipCalc.app */ = {isa = PBXFileReference; explicitFileType = wrapper.application; includeInIndex = 0; path = TipCalc.app; sourceTree = BUILT_PRODUCTS_DIR; };
		BE7FFDA91C6FB98500F5CD34 /* AppDelegate.swift */ = {isa = PBXFileReference; lastKnownFileType = sourcecode.swift; path = AppDelegate.swift; sourceTree = "<group>"; };
		BE7FFDAB1C6FB98500F5CD34 /* ViewController.swift */ = {isa = PBXFileReference; lastKnownFileType = sourcecode.swift; path = ViewController.swift; sourceTree = "<group>"; };
		BE7FFDAE1C6FB98500F5CD34 /* Base */ = {isa = PBXFileReference; lastKnownFileType = file.storyboard; name = Base; path = Base.lproj/Main.storyboard; sourceTree = "<group>"; };
		BE7FFDB01C6FB98500F5CD34 /* Assets.xcassets */ = {isa = PBXFileReference; lastKnownFileType = folder.assetcatalog; path = Assets.xcassets; sourceTree = "<group>"; };
		BE7FFDB31C6FB98500F5CD34 /* Base */ = {isa = PBXFileReference; lastKnownFileType = file.storyboard; name = Base; path = Base.lproj/LaunchScreen.storyboard; sourceTree = "<group>"; };
		BE7FFDB51C6FB98500F5CD34 /* Info.plist */ = {isa = PBXFileReference; lastKnownFileType = text.plist.xml; path = Info.plist; sourceTree = "<group>"; };
		BE7FFDBB1C6FB9A200F5CD34 /* WelcomeViewController.swift */ = {isa = PBXFileReference; fileEncoding = 4; lastKnownFileType = sourcecode.swift; name = WelcomeViewController.swift; path = ../WelcomeViewController.swift; sourceTree = "<group>"; };
/* End PBXFileReference section */

/* Begin PBXFrameworksBuildPhase section */
		BE7FFDA31C6FB98500F5CD34 /* Frameworks */ = {
			isa = PBXFrameworksBuildPhase;
			buildActionMask = 2147483647;
			files = (
			);
			runOnlyForDeploymentPostprocessing = 0;
		};
/* End PBXFrameworksBuildPhase section */

/* Begin PBXGroup section */
		BE7FFD9D1C6FB98500F5CD34 = {
			isa = PBXGroup;
			children = (
				BE7FFDA81C6FB98500F5CD34 /* TipCalc */,
				BE7FFDA71C6FB98500F5CD34 /* Products */,
			);
			sourceTree = "<group>";
		};
		BE7FFDA71C6FB98500F5CD34 /* Products */ = {
			isa = PBXGroup;
			children = (
				BE7FFDA61C6FB98500F5CD34 /* TipCalc.app */,
			);
			name = Products;
			sourceTree = "<group>";
		};
		BE7FFDA81C6FB98500F5CD34 /* TipCalc */ = {
			isa = PBXGroup;
			children = (
				BE7FFDA91C6FB98500F5CD34 /* AppDelegate.swift */,
				BE7FFDBB1C6FB9A200F5CD34 /* WelcomeViewController.swift */,
				BE2D29BD1C75A85E000702EC /* EvenizeViewController.swift */,
				BE7FFDAB1C6FB98500F5CD34 /* ViewController.swift */,
				BE7FFDAD1C6FB98500F5CD34 /* Main.storyboard */,
				BE2D29BF1C75EA64000702EC /* restaurant.jpg */,
				BE7FFDB01C6FB98500F5CD34 /* Assets.xcassets */,
				BE7FFDB21C6FB98500F5CD34 /* LaunchScreen.storyboard */,
				BE7FFDB51C6FB98500F5CD34 /* Info.plist */,
			);
			path = TipCalc;
			sourceTree = "<group>";
		};
/* End PBXGroup section */

/* Begin PBXNativeTarget section */
		BE7FFDA51C6FB98500F5CD34 /* TipCalc */ = {
			isa = PBXNativeTarget;
			buildConfigurationList = BE7FFDB81C6FB98500F5CD34 /* Build configuration list for PBXNativeTarget "TipCalc" */;
			buildPhases = (
				BE7FFDA21C6FB98500F5CD34 /* Sources */,
				BE7FFDA31C6FB98500F5CD34 /* Frameworks */,
				BE7FFDA41C6FB98500F5CD34 /* Resources */,
			);
			buildRules = (
			);
			dependencies = (
			);
			name = TipCalc;
			productName = TipCalc;
			productReference = BE7FFDA61C6FB98500F5CD34 /* TipCalc.app */;
			productType = "com.apple.product-type.application";
		};
/* End PBXNativeTarget section */

/* Begin PBXProject section */
		BE7FFD9E1C6FB98500F5CD34 /* Project object */ = {
			isa = PBXProject;
			attributes = {
				LastSwiftUpdateCheck = 0720;
				LastUpgradeCheck = 0720;
				ORGANIZATIONNAME = "Christine Munar";
				TargetAttributes = {
					BE7FFDA51C6FB98500F5CD34 = {
						CreatedOnToolsVersion = 7.2.1;
						DevelopmentTeam = WAS7569CL5;
					};
				};
			};
			buildConfigurationList = BE7FFDA11C6FB98500F5CD34 /* Build configuration list for PBXProject "TipCalc" */;
			compatibilityVersion = "Xcode 3.2";
			developmentRegion = English;
			hasScannedForEncodings = 0;
			knownRegions = (
				en,
				Base,
			);
			mainGroup = BE7FFD9D1C6FB98500F5CD34;
			productRefGroup = BE7FFDA71C6FB98500F5CD34 /* Products */;
			projectDirPath = "";
			projectRoot = "";
			targets = (
				BE7FFDA51C6FB98500F5CD34 /* TipCalc */,
			);
		};
/* End PBXProject section */

/* Begin PBXResourcesBuildPhase section */
		BE7FFDA41C6FB98500F5CD34 /* Resources */ = {
			isa = PBXResourcesBuildPhase;
			buildActionMask = 2147483647;
			files = (
				BE2D29C01C75EA64000702EC /* restaurant.jpg in Resources */,
				BE7FFDB41C6FB98500F5CD34 /* LaunchScreen.storyboard in Resources */,
				BE7FFDB11C6FB98500F5CD34 /* Assets.xcassets in Resources */,
				BE7FFDAF1C6FB98500F5CD34 /* Main.storyboard in Resources */,
			);
			runOnlyForDeploymentPostprocessing = 0;
		};
/* End PBXResourcesBuildPhase section */

/* Begin PBXSourcesBuildPhase section */
		BE7FFDA21C6FB98500F5CD34 /* Sources */ = {
			isa = PBXSourcesBuildPhase;
			buildActionMask = 2147483647;
			files = (
				BE7FFDBC1C6FB9A200F5CD34 /* WelcomeViewController.swift in Sources */,
				BE7FFDAC1C6FB98500F5CD34 /* ViewController.swift in Sources */,
				BE7FFDAA1C6FB98500F5CD34 /* AppDelegate.swift in Sources */,
				BE2D29BE1C75A85F000702EC /* EvenizeViewController.swift in Sources */,
			);
			runOnlyForDeploymentPostprocessing = 0;
		};
/* End PBXSourcesBuildPhase section */

/* Begin PBXVariantGroup section */
		BE7FFDAD1C6FB98500F5CD34 /* Main.storyboard */ = {
			isa = PBXVariantGroup;
			children = (
				BE7FFDAE1C6FB98500F5CD34 /* Base */,
			);
			name = Main.storyboard;
			sourceTree = "<group>";
		};
		BE7FFDB21C6FB98500F5CD34 /* LaunchScreen.storyboard */ = {
			isa = PBXVariantGroup;
			children = (
				BE7FFDB31C6FB98500F5CD34 /* Base */,
			);
			name = LaunchScreen.storyboard;
			sourceTree = "<group>";
		};
/* End PBXVariantGroup section */

/* Begin XCBuildConfiguration section */
		BE7FFDB61C6FB98500F5CD34 /* Debug */ = {
			isa = XCBuildConfiguration;
			buildSettings = {
				ALWAYS_SEARCH_USER_PATHS = NO;
				CLANG_CXX_LANGUAGE_STANDARD = "gnu++0x";
				CLANG_CXX_LIBRARY = "libc++";
				CLANG_ENABLE_MODULES = YES;
				CLANG_ENABLE_OBJC_ARC = YES;
				CLANG_WARN_BOOL_CONVERSION = YES;
				CLANG_WARN_CONSTANT_CONVERSION = YES;
				CLANG_WARN_DIRECT_OBJC_ISA_USAGE = YES_ERROR;
				CLANG_WARN_EMPTY_BODY = YES;
				CLANG_WARN_ENUM_CONVERSION = YES;
				CLANG_WARN_INT_CONVERSION = YES;
				CLANG_WARN_OBJC_ROOT_CLASS = YES_ERROR;
				CLANG_WARN_UNREACHABLE_CODE = YES;
				CLANG_WARN__DUPLICATE_METHOD_MATCH = YES;
				"CODE_SIGN_IDENTITY[sdk=iphoneos*]" = "iPhone Developer";
				COPY_PHASE_STRIP = NO;
				DEBUG_INFORMATION_FORMAT = dwarf;
				ENABLE_STRICT_OBJC_MSGSEND = YES;
				ENABLE_TESTABILITY = YES;
				GCC_C_LANGUAGE_STANDARD = gnu99;
				GCC_DYNAMIC_NO_PIC = NO;
				GCC_NO_COMMON_BLOCKS = YES;
				GCC_OPTIMIZATION_LEVEL = 0;
				GCC_PREPROCESSOR_DEFINITIONS = (
					"DEBUG=1",
					"$(inherited)",
				);
				GCC_WARN_64_TO_32_BIT_CONVERSION = YES;
				GCC_WARN_ABOUT_RETURN_TYPE = YES_ERROR;
				GCC_WARN_UNDECLARED_SELECTOR = YES;
				GCC_WARN_UNINITIALIZED_AUTOS = YES_AGGRESSIVE;
				GCC_WARN_UNUSED_FUNCTION = YES;
				GCC_WARN_UNUSED_VARIABLE = YES;
				IPHONEOS_DEPLOYMENT_TARGET = 9.2;
				MTL_ENABLE_DEBUG_INFO = YES;
				ONLY_ACTIVE_ARCH = YES;
				SDKROOT = iphoneos;
				SWIFT_OPTIMIZATION_LEVEL = "-Onone";
			};
			name = Debug;
		};
		BE7FFDB71C6FB98500F5CD34 /* Release */ = {
			isa = XCBuildConfiguration;
			buildSettings = {
				ALWAYS_SEARCH_USER_PATHS = NO;
				CLANG_CXX_LANGUAGE_STANDARD = "gnu++0x";
				CLANG_CXX_LIBRARY = "libc++";
				CLANG_ENABLE_MODULES = YES;
				CLANG_ENABLE_OBJC_ARC = YES;
				CLANG_WARN_BOOL_CONVERSION = YES;
				CLANG_WARN_CONSTANT_CONVERSION = YES;
				CLANG_WARN_DIRECT_OBJC_ISA_USAGE = YES_ERROR;
				CLANG_WARN_EMPTY_BODY = YES;
				CLANG_WARN_ENUM_CONVERSION = YES;
				CLANG_WARN_INT_CONVERSION = YES;
				CLANG_WARN_OBJC_ROOT_CLASS = YES_ERROR;
				CLANG_WARN_UNREACHABLE_CODE = YES;
				CLANG_WARN__DUPLICATE_METHOD_MATCH = YES;
				"CODE_SIGN_IDENTITY[sdk=iphoneos*]" = "iPhone Developer";
				COPY_PHASE_STRIP = NO;
				DEBUG_INFORMATION_FORMAT = "dwarf-with-dsym";
				ENABLE_NS_ASSERTIONS = NO;
				ENABLE_STRICT_OBJC_MSGSEND = YES;
				GCC_C_LANGUAGE_STANDARD = gnu99;
				GCC_NO_COMMON_BLOCKS = YES;
				GCC_WARN_64_TO_32_BIT_CONVERSION = YES;
				GCC_WARN_ABOUT_RETURN_TYPE = YES_ERROR;
				GCC_WARN_UNDECLARED_SELECTOR = YES;
				GCC_WARN_UNINITIALIZED_AUTOS = YES_AGGRESSIVE;
				GCC_WARN_UNUSED_FUNCTION = YES;
				GCC_WARN_UNUSED_VARIABLE = YES;
				IPHONEOS_DEPLOYMENT_TARGET = 9.2;
				MTL_ENABLE_DEBUG_INFO = NO;
				SDKROOT = iphoneos;
				VALIDATE_PRODUCT = YES;
			};
			name = Release;
		};
		BE7FFDB91C6FB98500F5CD34 /* Debug */ = {
			isa = XCBuildConfiguration;
			buildSettings = {
				ASSETCATALOG_COMPILER_APPICON_NAME = AppIcon;
				INFOPLIST_FILE = TipCalc/Info.plist;
				LD_RUNPATH_SEARCH_PATHS = "$(inherited) @executable_path/Frameworks";
				PRODUCT_BUNDLE_IDENTIFIER = com.christinemunar.TipCalc;
				PRODUCT_NAME = "$(TARGET_NAME)";
			};
			name = Debug;
		};
		BE7FFDBA1C6FB98500F5CD34 /* Release */ = {
			isa = XCBuildConfiguration;
			buildSettings = {
				ASSETCATALOG_COMPILER_APPICON_NAME = AppIcon;
				INFOPLIST_FILE = TipCalc/Info.plist;
				LD_RUNPATH_SEARCH_PATHS = "$(inherited) @executable_path/Frameworks";
				PRODUCT_BUNDLE_IDENTIFIER = com.christinemunar.TipCalc;
				PRODUCT_NAME = "$(TARGET_NAME)";
			};
			name = Release;
		};
/* End XCBuildConfiguration section */

/* Begin XCConfigurationList section */
		BE7FFDA11C6FB98500F5CD34 /* Build configuration list for PBXProject "TipCalc" */ = {
			isa = XCConfigurationList;
			buildConfigurations = (
				BE7FFDB61C6FB98500F5CD34 /* Debug */,
				BE7FFDB71C6FB98500F5CD34 /* Release */,
			);
			defaultConfigurationIsVisible = 0;
			defaultConfigurationName = Release;
		};
		BE7FFDB81C6FB98500F5CD34 /* Build configuration list for PBXNativeTarget "TipCalc" */ = {
			isa = XCConfigurationList;
			buildConfigurations = (
				BE7FFDB91C6FB98500F5CD34 /* Debug */,
				BE7FFDBA1C6FB98500F5CD34 /* Release */,
			);
			defaultConfigurationIsVisible = 0;
			defaultConfigurationName = Release;
		};
/* End XCConfigurationList section */
	};
	rootObject = BE7FFD9E1C6FB98500F5CD34 /* Project object */;
}
